// !$*UTF8*$!
{
	archiveVersion = 1;
	classes = {
	};
	objectVersion = 50;
	objects = {

/* Begin PBXBuildFile section */
		3F576523254A53E20047B9E9 /* AppDelegate.swift in Sources */ = {isa = PBXBuildFile; fileRef = 3F576522254A53E20047B9E9 /* AppDelegate.swift */; };
		3F576525254A53E20047B9E9 /* art.scnassets in Resources */ = {isa = PBXBuildFile; fileRef = 3F576524254A53E20047B9E9 /* art.scnassets */; };
		3F576527254A53E20047B9E9 /* GameViewController.swift in Sources */ = {isa = PBXBuildFile; fileRef = 3F576526254A53E20047B9E9 /* GameViewController.swift */; };
		3F57652A254A53E20047B9E9 /* Main.storyboard in Resources */ = {isa = PBXBuildFile; fileRef = 3F576528254A53E20047B9E9 /* Main.storyboard */; };
		3F57652C254A53E50047B9E9 /* Assets.xcassets in Resources */ = {isa = PBXBuildFile; fileRef = 3F57652B254A53E50047B9E9 /* Assets.xcassets */; };
		3F576537254A53E50047B9E9 /* SuperSpaceMan3DTests.swift in Sources */ = {isa = PBXBuildFile; fileRef = 3F576536254A53E50047B9E9 /* SuperSpaceMan3DTests.swift */; };
		3F576542254A53E50047B9E9 /* SuperSpaceMan3DUITests.swift in Sources */ = {isa = PBXBuildFile; fileRef = 3F576541254A53E50047B9E9 /* SuperSpaceMan3DUITests.swift */; };
		3F576556254A68FB0047B9E9 /* Collectable.swift in Sources */ = {isa = PBXBuildFile; fileRef = 3F576555254A68FB0047B9E9 /* Collectable.swift */; };
/* End PBXBuildFile section */

/* Begin PBXContainerItemProxy section */
		3F576533254A53E50047B9E9 /* PBXContainerItemProxy */ = {
			isa = PBXContainerItemProxy;
			containerPortal = 3F576517254A53E20047B9E9 /* Project object */;
			proxyType = 1;
			remoteGlobalIDString = 3F57651E254A53E20047B9E9;
			remoteInfo = SuperSpaceMan3D;
		};
		3F57653E254A53E50047B9E9 /* PBXContainerItemProxy */ = {
			isa = PBXContainerItemProxy;
			containerPortal = 3F576517254A53E20047B9E9 /* Project object */;
			proxyType = 1;
			remoteGlobalIDString = 3F57651E254A53E20047B9E9;
			remoteInfo = SuperSpaceMan3D;
		};
/* End PBXContainerItemProxy section */

/* Begin PBXFileReference section */
		3F57651F254A53E20047B9E9 /* SuperSpaceMan3D.app */ = {isa = PBXFileReference; explicitFileType = wrapper.application; includeInIndex = 0; path = SuperSpaceMan3D.app; sourceTree = BUILT_PRODUCTS_DIR; };
		3F576522254A53E20047B9E9 /* AppDelegate.swift */ = {isa = PBXFileReference; lastKnownFileType = sourcecode.swift; path = AppDelegate.swift; sourceTree = "<group>"; };
		3F576524254A53E20047B9E9 /* art.scnassets */ = {isa = PBXFileReference; lastKnownFileType = wrapper.scnassets; path = art.scnassets; sourceTree = "<group>"; };
		3F576526254A53E20047B9E9 /* GameViewController.swift */ = {isa = PBXFileReference; lastKnownFileType = sourcecode.swift; path = GameViewController.swift; sourceTree = "<group>"; };
		3F576529254A53E20047B9E9 /* Base */ = {isa = PBXFileReference; lastKnownFileType = file.storyboard; name = Base; path = Base.lproj/Main.storyboard; sourceTree = "<group>"; };
		3F57652B254A53E50047B9E9 /* Assets.xcassets */ = {isa = PBXFileReference; lastKnownFileType = folder.assetcatalog; path = Assets.xcassets; sourceTree = "<group>"; };
		3F57652D254A53E50047B9E9 /* Info.plist */ = {isa = PBXFileReference; lastKnownFileType = text.plist.xml; path = Info.plist; sourceTree = "<group>"; };
		3F576532254A53E50047B9E9 /* SuperSpaceMan3DTests.xctest */ = {isa = PBXFileReference; explicitFileType = wrapper.cfbundle; includeInIndex = 0; path = SuperSpaceMan3DTests.xctest; sourceTree = BUILT_PRODUCTS_DIR; };
		3F576536254A53E50047B9E9 /* SuperSpaceMan3DTests.swift */ = {isa = PBXFileReference; lastKnownFileType = sourcecode.swift; path = SuperSpaceMan3DTests.swift; sourceTree = "<group>"; };
		3F576538254A53E50047B9E9 /* Info.plist */ = {isa = PBXFileReference; lastKnownFileType = text.plist.xml; path = Info.plist; sourceTree = "<group>"; };
		3F57653D254A53E50047B9E9 /* SuperSpaceMan3DUITests.xctest */ = {isa = PBXFileReference; explicitFileType = wrapper.cfbundle; includeInIndex = 0; path = SuperSpaceMan3DUITests.xctest; sourceTree = BUILT_PRODUCTS_DIR; };
		3F576541254A53E50047B9E9 /* SuperSpaceMan3DUITests.swift */ = {isa = PBXFileReference; lastKnownFileType = sourcecode.swift; path = SuperSpaceMan3DUITests.swift; sourceTree = "<group>"; };
		3F576543254A53E50047B9E9 /* Info.plist */ = {isa = PBXFileReference; lastKnownFileType = text.plist.xml; path = Info.plist; sourceTree = "<group>"; };
		3F576555254A68FB0047B9E9 /* Collectable.swift */ = {isa = PBXFileReference; lastKnownFileType = sourcecode.swift; path = Collectable.swift; sourceTree = "<group>"; };
/* End PBXFileReference section */

/* Begin PBXFrameworksBuildPhase section */
		3F57651C254A53E20047B9E9 /* Frameworks */ = {
			isa = PBXFrameworksBuildPhase;
			buildActionMask = 2147483647;
			files = (
			);
			runOnlyForDeploymentPostprocessing = 0;
		};
		3F57652F254A53E50047B9E9 /* Frameworks */ = {
			isa = PBXFrameworksBuildPhase;
			buildActionMask = 2147483647;
			files = (
			);
			runOnlyForDeploymentPostprocessing = 0;
		};
		3F57653A254A53E50047B9E9 /* Frameworks */ = {
			isa = PBXFrameworksBuildPhase;
			buildActionMask = 2147483647;
			files = (
			);
			runOnlyForDeploymentPostprocessing = 0;
		};
/* End PBXFrameworksBuildPhase section */

/* Begin PBXGroup section */
		3F576516254A53E20047B9E9 = {
			isa = PBXGroup;
			children = (
				3F576521254A53E20047B9E9 /* SuperSpaceMan3D */,
				3F576535254A53E50047B9E9 /* SuperSpaceMan3DTests */,
				3F576540254A53E50047B9E9 /* SuperSpaceMan3DUITests */,
				3F576520254A53E20047B9E9 /* Products */,
			);
			sourceTree = "<group>";
		};
		3F576520254A53E20047B9E9 /* Products */ = {
			isa = PBXGroup;
			children = (
				3F57651F254A53E20047B9E9 /* SuperSpaceMan3D.app */,
				3F576532254A53E50047B9E9 /* SuperSpaceMan3DTests.xctest */,
				3F57653D254A53E50047B9E9 /* SuperSpaceMan3DUITests.xctest */,
			);
			name = Products;
			sourceTree = "<group>";
		};
		3F576521254A53E20047B9E9 /* SuperSpaceMan3D */ = {
			isa = PBXGroup;
			children = (
				3F576555254A68FB0047B9E9 /* Collectable.swift */,
				3F576522254A53E20047B9E9 /* AppDelegate.swift */,
				3F576524254A53E20047B9E9 /* art.scnassets */,
				3F576526254A53E20047B9E9 /* GameViewController.swift */,
				3F576528254A53E20047B9E9 /* Main.storyboard */,
				3F57652B254A53E50047B9E9 /* Assets.xcassets */,
				3F57652D254A53E50047B9E9 /* Info.plist */,
			);
			path = SuperSpaceMan3D;
			sourceTree = "<group>";
		};
		3F576535254A53E50047B9E9 /* SuperSpaceMan3DTests */ = {
			isa = PBXGroup;
			children = (
				3F576536254A53E50047B9E9 /* SuperSpaceMan3DTests.swift */,
				3F576538254A53E50047B9E9 /* Info.plist */,
			);
			path = SuperSpaceMan3DTests;
			sourceTree = "<group>";
		};
		3F576540254A53E50047B9E9 /* SuperSpaceMan3DUITests */ = {
			isa = PBXGroup;
			children = (
				3F576541254A53E50047B9E9 /* SuperSpaceMan3DUITests.swift */,
				3F576543254A53E50047B9E9 /* Info.plist */,
			);
			path = SuperSpaceMan3DUITests;
			sourceTree = "<group>";
		};
/* End PBXGroup section */

/* Begin PBXNativeTarget section */
		3F57651E254A53E20047B9E9 /* SuperSpaceMan3D */ = {
			isa = PBXNativeTarget;
			buildConfigurationList = 3F576546254A53E50047B9E9 /* Build configuration list for PBXNativeTarget "SuperSpaceMan3D" */;
			buildPhases = (
				3F57651B254A53E20047B9E9 /* Sources */,
				3F57651C254A53E20047B9E9 /* Frameworks */,
				3F57651D254A53E20047B9E9 /* Resources */,
			);
			buildRules = (
			);
			dependencies = (
			);
			name = SuperSpaceMan3D;
			productName = SuperSpaceMan3D;
			productReference = 3F57651F254A53E20047B9E9 /* SuperSpaceMan3D.app */;
			productType = "com.apple.product-type.application";
		};
		3F576531254A53E50047B9E9 /* SuperSpaceMan3DTests */ = {
			isa = PBXNativeTarget;
			buildConfigurationList = 3F576549254A53E50047B9E9 /* Build configuration list for PBXNativeTarget "SuperSpaceMan3DTests" */;
			buildPhases = (
				3F57652E254A53E50047B9E9 /* Sources */,
				3F57652F254A53E50047B9E9 /* Frameworks */,
				3F576530254A53E50047B9E9 /* Resources */,
			);
			buildRules = (
			);
			dependencies = (
				3F576534254A53E50047B9E9 /* PBXTargetDependency */,
			);
			name = SuperSpaceMan3DTests;
			productName = SuperSpaceMan3DTests;
			productReference = 3F576532254A53E50047B9E9 /* SuperSpaceMan3DTests.xctest */;
			productType = "com.apple.product-type.bundle.unit-test";
		};
		3F57653C254A53E50047B9E9 /* SuperSpaceMan3DUITests */ = {
			isa = PBXNativeTarget;
			buildConfigurationList = 3F57654C254A53E50047B9E9 /* Build configuration list for PBXNativeTarget "SuperSpaceMan3DUITests" */;
			buildPhases = (
				3F576539254A53E50047B9E9 /* Sources */,
				3F57653A254A53E50047B9E9 /* Frameworks */,
				3F57653B254A53E50047B9E9 /* Resources */,
			);
			buildRules = (
			);
			dependencies = (
				3F57653F254A53E50047B9E9 /* PBXTargetDependency */,
			);
			name = SuperSpaceMan3DUITests;
			productName = SuperSpaceMan3DUITests;
			productReference = 3F57653D254A53E50047B9E9 /* SuperSpaceMan3DUITests.xctest */;
			productType = "com.apple.product-type.bundle.ui-testing";
		};
/* End PBXNativeTarget section */

/* Begin PBXProject section */
		3F576517254A53E20047B9E9 /* Project object */ = {
			isa = PBXProject;
			attributes = {
				LastSwiftUpdateCheck = 1210;
				LastUpgradeCheck = 1210;
				TargetAttributes = {
					3F57651E254A53E20047B9E9 = {
						CreatedOnToolsVersion = 12.1;
					};
					3F576531254A53E50047B9E9 = {
						CreatedOnToolsVersion = 12.1;
						TestTargetID = 3F57651E254A53E20047B9E9;
					};
					3F57653C254A53E50047B9E9 = {
						CreatedOnToolsVersion = 12.1;
						TestTargetID = 3F57651E254A53E20047B9E9;
					};
				};
			};
			buildConfigurationList = 3F57651A254A53E20047B9E9 /* Build configuration list for PBXProject "SuperSpaceMan3D" */;
			compatibilityVersion = "Xcode 9.3";
			developmentRegion = en;
			hasScannedForEncodings = 0;
			knownRegions = (
				en,
				Base,
			);
			mainGroup = 3F576516254A53E20047B9E9;
			productRefGroup = 3F576520254A53E20047B9E9 /* Products */;
			projectDirPath = "";
			projectRoot = "";
			targets = (
				3F57651E254A53E20047B9E9 /* SuperSpaceMan3D */,
				3F576531254A53E50047B9E9 /* SuperSpaceMan3DTests */,
				3F57653C254A53E50047B9E9 /* SuperSpaceMan3DUITests */,
			);
		};
/* End PBXProject section */

/* Begin PBXResourcesBuildPhase section */
		3F57651D254A53E20047B9E9 /* Resources */ = {
			isa = PBXResourcesBuildPhase;
			buildActionMask = 2147483647;
			files = (
				3F576525254A53E20047B9E9 /* art.scnassets in Resources */,
				3F57652C254A53E50047B9E9 /* Assets.xcassets in Resources */,
				3F57652A254A53E20047B9E9 /* Main.storyboard in Resources */,
			);
			runOnlyForDeploymentPostprocessing = 0;
		};
		3F576530254A53E50047B9E9 /* Resources */ = {
			isa = PBXResourcesBuildPhase;
			buildActionMask = 2147483647;
			files = (
			);
			runOnlyForDeploymentPostprocessing = 0;
		};
		3F57653B254A53E50047B9E9 /* Resources */ = {
			isa = PBXResourcesBuildPhase;
			buildActionMask = 2147483647;
			files = (
			);
			runOnlyForDeploymentPostprocessing = 0;
		};
/* End PBXResourcesBuildPhase section */

/* Begin PBXSourcesBuildPhase section */
		3F57651B254A53E20047B9E9 /* Sources */ = {
			isa = PBXSourcesBuildPhase;
			buildActionMask = 2147483647;
			files = (
				3F576556254A68FB0047B9E9 /* Collectable.swift in Sources */,
				3F576527254A53E20047B9E9 /* GameViewController.swift in Sources */,
				3F576523254A53E20047B9E9 /* AppDelegate.swift in Sources */,
			);
			runOnlyForDeploymentPostprocessing = 0;
		};
		3F57652E254A53E50047B9E9 /* Sources */ = {
			isa = PBXSourcesBuildPhase;
			buildActionMask = 2147483647;
			files = (
				3F576537254A53E50047B9E9 /* SuperSpaceMan3DTests.swift in Sources */,
			);
			runOnlyForDeploymentPostprocessing = 0;
		};
		3F576539254A53E50047B9E9 /* Sources */ = {
			isa = PBXSourcesBuildPhase;
			buildActionMask = 2147483647;
			files = (
				3F576542254A53E50047B9E9 /* SuperSpaceMan3DUITests.swift in Sources */,
			);
			runOnlyForDeploymentPostprocessing = 0;
		};
/* End PBXSourcesBuildPhase section */

/* Begin PBXTargetDependency section */
		3F576534254A53E50047B9E9 /* PBXTargetDependency */ = {
			isa = PBXTargetDependency;
			target = 3F57651E254A53E20047B9E9 /* SuperSpaceMan3D */;
			targetProxy = 3F576533254A53E50047B9E9 /* PBXContainerItemProxy */;
		};
		3F57653F254A53E50047B9E9 /* PBXTargetDependency */ = {
			isa = PBXTargetDependency;
			target = 3F57651E254A53E20047B9E9 /* SuperSpaceMan3D */;
			targetProxy = 3F57653E254A53E50047B9E9 /* PBXContainerItemProxy */;
		};
/* End PBXTargetDependency section */

/* Begin PBXVariantGroup section */
		3F576528254A53E20047B9E9 /* Main.storyboard */ = {
			isa = PBXVariantGroup;
			children = (
				3F576529254A53E20047B9E9 /* Base */,
			);
			name = Main.storyboard;
			sourceTree = "<group>";
		};
/* End PBXVariantGroup section */

/* Begin XCBuildConfiguration section */
		3F576544254A53E50047B9E9 /* Debug */ = {
			isa = XCBuildConfiguration;
			buildSettings = {
				ALWAYS_SEARCH_USER_PATHS = NO;
				CLANG_ANALYZER_NONNULL = YES;
				CLANG_ANALYZER_NUMBER_OBJECT_CONVERSION = YES_AGGRESSIVE;
				CLANG_CXX_LANGUAGE_STANDARD = "gnu++14";
				CLANG_CXX_LIBRARY = "libc++";
				CLANG_ENABLE_MODULES = YES;
				CLANG_ENABLE_OBJC_ARC = YES;
				CLANG_ENABLE_OBJC_WEAK = YES;
				CLANG_WARN_BLOCK_CAPTURE_AUTORELEASING = YES;
				CLANG_WARN_BOOL_CONVERSION = YES;
				CLANG_WARN_COMMA = YES;
				CLANG_WARN_CONSTANT_CONVERSION = YES;
				CLANG_WARN_DEPRECATED_OBJC_IMPLEMENTATIONS = YES;
				CLANG_WARN_DIRECT_OBJC_ISA_USAGE = YES_ERROR;
				CLANG_WARN_DOCUMENTATION_COMMENTS = YES;
				CLANG_WARN_EMPTY_BODY = YES;
				CLANG_WARN_ENUM_CONVERSION = YES;
				CLANG_WARN_INFINITE_RECURSION = YES;
				CLANG_WARN_INT_CONVERSION = YES;
				CLANG_WARN_NON_LITERAL_NULL_CONVERSION = YES;
				CLANG_WARN_OBJC_IMPLICIT_RETAIN_SELF = YES;
				CLANG_WARN_OBJC_LITERAL_CONVERSION = YES;
				CLANG_WARN_OBJC_ROOT_CLASS = YES_ERROR;
				CLANG_WARN_QUOTED_INCLUDE_IN_FRAMEWORK_HEADER = YES;
				CLANG_WARN_RANGE_LOOP_ANALYSIS = YES;
				CLANG_WARN_STRICT_PROTOTYPES = YES;
				CLANG_WARN_SUSPICIOUS_MOVE = YES;
				CLANG_WARN_UNGUARDED_AVAILABILITY = YES_AGGRESSIVE;
				CLANG_WARN_UNREACHABLE_CODE = YES;
				CLANG_WARN__DUPLICATE_METHOD_MATCH = YES;
				COPY_PHASE_STRIP = NO;
				DEBUG_INFORMATION_FORMAT = dwarf;
				ENABLE_STRICT_OBJC_MSGSEND = YES;
				ENABLE_TESTABILITY = YES;
				GCC_C_LANGUAGE_STANDARD = gnu11;
				GCC_DYNAMIC_NO_PIC = NO;
				GCC_NO_COMMON_BLOCKS = YES;
				GCC_OPTIMIZATION_LEVEL = 0;
				GCC_PREPROCESSOR_DEFINITIONS = (
					"DEBUG=1",
					"$(inherited)",
				);
				GCC_WARN_64_TO_32_BIT_CONVERSION = YES;
				GCC_WARN_ABOUT_RETURN_TYPE = YES_ERROR;
				GCC_WARN_UNDECLARED_SELECTOR = YES;
				GCC_WARN_UNINITIALIZED_AUTOS = YES_AGGRESSIVE;
				GCC_WARN_UNUSED_FUNCTION = YES;
				GCC_WARN_UNUSED_VARIABLE = YES;
				IPHONEOS_DEPLOYMENT_TARGET = 14.1;
				MTL_ENABLE_DEBUG_INFO = INCLUDE_SOURCE;
				MTL_FAST_MATH = YES;
				ONLY_ACTIVE_ARCH = YES;
				SDKROOT = iphoneos;
				SWIFT_ACTIVE_COMPILATION_CONDITIONS = DEBUG;
				SWIFT_OPTIMIZATION_LEVEL = "-Onone";
			};
			name = Debug;
		};
		3F576545254A53E50047B9E9 /* Release */ = {
			isa = XCBuildConfiguration;
			buildSettings = {
				ALWAYS_SEARCH_USER_PATHS = NO;
				CLANG_ANALYZER_NONNULL = YES;
				CLANG_ANALYZER_NUMBER_OBJECT_CONVERSION = YES_AGGRESSIVE;
				CLANG_CXX_LANGUAGE_STANDARD = "gnu++14";
				CLANG_CXX_LIBRARY = "libc++";
				CLANG_ENABLE_MODULES = YES;
				CLANG_ENABLE_OBJC_ARC = YES;
				CLANG_ENABLE_OBJC_WEAK = YES;
				CLANG_WARN_BLOCK_CAPTURE_AUTORELEASING = YES;
				CLANG_WARN_BOOL_CONVERSION = YES;
				CLANG_WARN_COMMA = YES;
				CLANG_WARN_CONSTANT_CONVERSION = YES;
				CLANG_WARN_DEPRECATED_OBJC_IMPLEMENTATIONS = YES;
				CLANG_WARN_DIRECT_OBJC_ISA_USAGE = YES_ERROR;
				CLANG_WARN_DOCUMENTATION_COMMENTS = YES;
				CLANG_WARN_EMPTY_BODY = YES;
				CLANG_WARN_ENUM_CONVERSION = YES;
				CLANG_WARN_INFINITE_RECURSION = YES;
				CLANG_WARN_INT_CONVERSION = YES;
				CLANG_WARN_NON_LITERAL_NULL_CONVERSION = YES;
				CLANG_WARN_OBJC_IMPLICIT_RETAIN_SELF = YES;
				CLANG_WARN_OBJC_LITERAL_CONVERSION = YES;
				CLANG_WARN_OBJC_ROOT_CLASS = YES_ERROR;
				CLANG_WARN_QUOTED_INCLUDE_IN_FRAMEWORK_HEADER = YES;
				CLANG_WARN_RANGE_LOOP_ANALYSIS = YES;
				CLANG_WARN_STRICT_PROTOTYPES = YES;
				CLANG_WARN_SUSPICIOUS_MOVE = YES;
				CLANG_WARN_UNGUARDED_AVAILABILITY = YES_AGGRESSIVE;
				CLANG_WARN_UNREACHABLE_CODE = YES;
				CLANG_WARN__DUPLICATE_METHOD_MATCH = YES;
				COPY_PHASE_STRIP = NO;
				DEBUG_INFORMATION_FORMAT = "dwarf-with-dsym";
				ENABLE_NS_ASSERTIONS = NO;
				ENABLE_STRICT_OBJC_MSGSEND = YES;
				GCC_C_LANGUAGE_STANDARD = gnu11;
				GCC_NO_COMMON_BLOCKS = YES;
				GCC_WARN_64_TO_32_BIT_CONVERSION = YES;
				GCC_WARN_ABOUT_RETURN_TYPE = YES_ERROR;
				GCC_WARN_UNDECLARED_SELECTOR = YES;
				GCC_WARN_UNINITIALIZED_AUTOS = YES_AGGRESSIVE;
				GCC_WARN_UNUSED_FUNCTION = YES;
				GCC_WARN_UNUSED_VARIABLE = YES;
				IPHONEOS_DEPLOYMENT_TARGET = 14.1;
				MTL_ENABLE_DEBUG_INFO = NO;
				MTL_FAST_MATH = YES;
				SDKROOT = iphoneos;
				SWIFT_COMPILATION_MODE = wholemodule;
				SWIFT_OPTIMIZATION_LEVEL = "-O";
				VALIDATE_PRODUCT = YES;
			};
			name = Release;
		};
		3F576547254A53E50047B9E9 /* Debug */ = {
			isa = XCBuildConfiguration;
			buildSettings = {
				ASSETCATALOG_COMPILER_APPICON_NAME = AppIcon;
				ASSETCATALOG_COMPILER_GLOBAL_ACCENT_COLOR_NAME = AccentColor;
				CODE_SIGN_STYLE = Automatic;
				DEVELOPMENT_TEAM = 6VH946FT2M;
				INFOPLIST_FILE = SuperSpaceMan3D/Info.plist;
				LD_RUNPATH_SEARCH_PATHS = (
					"$(inherited)",
					"@executable_path/Frameworks",
				);
				PRODUCT_BUNDLE_IDENTIFIER = com.henrycalderon.SuperSpaceMan3D;
				PRODUCT_NAME = "$(TARGET_NAME)";
				SWIFT_VERSION = 5.0;
				TARGETED_DEVICE_FAMILY = "1,2";
			};
			name = Debug;
		};
		3F576548254A53E50047B9E9 /* Release */ = {
			isa = XCBuildConfiguration;
			buildSettings = {
				ASSETCATALOG_COMPILER_APPICON_NAME = AppIcon;
				ASSETCATALOG_COMPILER_GLOBAL_ACCENT_COLOR_NAME = AccentColor;
				CODE_SIGN_STYLE = Automatic;
				DEVELOPMENT_TEAM = 6VH946FT2M;
				INFOPLIST_FILE = SuperSpaceMan3D/Info.plist;
				LD_RUNPATH_SEARCH_PATHS = (
					"$(inherited)",
					"@executable_path/Frameworks",
				);
				PRODUCT_BUNDLE_IDENTIFIER = com.henrycalderon.SuperSpaceMan3D;
				PRODUCT_NAME = "$(TARGET_NAME)";
				SWIFT_VERSION = 5.0;
				TARGETED_DEVICE_FAMILY = "1,2";
			};
			name = Release;
		};
		3F57654A254A53E50047B9E9 /* Debug */ = {
			isa = XCBuildConfiguration;
			buildSettings = {
				ALWAYS_EMBED_SWIFT_STANDARD_LIBRARIES = YES;
				BUNDLE_LOADER = "$(TEST_HOST)";
				CODE_SIGN_STYLE = Automatic;
				DEVELOPMENT_TEAM = 6VH946FT2M;
				INFOPLIST_FILE = SuperSpaceMan3DTests/Info.plist;
				IPHONEOS_DEPLOYMENT_TARGET = 14.1;
				LD_RUNPATH_SEARCH_PATHS = (
					"$(inherited)",
					"@executable_path/Frameworks",
					"@loader_path/Frameworks",
				);
				PRODUCT_BUNDLE_IDENTIFIER = com.henrycalderon.SuperSpaceMan3DTests;
				PRODUCT_NAME = "$(TARGET_NAME)";
				SWIFT_VERSION = 5.0;
				TARGETED_DEVICE_FAMILY = "1,2";
				TEST_HOST = "$(BUILT_PRODUCTS_DIR)/SuperSpaceMan3D.app/SuperSpaceMan3D";
			};
			name = Debug;
		};
		3F57654B254A53E50047B9E9 /* Release */ = {
			isa = XCBuildConfiguration;
			buildSettings = {
				ALWAYS_EMBED_SWIFT_STANDARD_LIBRARIES = YES;
				BUNDLE_LOADER = "$(TEST_HOST)";
				CODE_SIGN_STYLE = Automatic;
				DEVELOPMENT_TEAM = 6VH946FT2M;
				INFOPLIST_FILE = SuperSpaceMan3DTests/Info.plist;
				IPHONEOS_DEPLOYMENT_TARGET = 14.1;
				LD_RUNPATH_SEARCH_PATHS = (
					"$(inherited)",
					"@executable_path/Frameworks",
					"@loader_path/Frameworks",
				);
				PRODUCT_BUNDLE_IDENTIFIER = com.henrycalderon.SuperSpaceMan3DTests;
				PRODUCT_NAME = "$(TARGET_NAME)";
				SWIFT_VERSION = 5.0;
				TARGETED_DEVICE_FAMILY = "1,2";
				TEST_HOST = "$(BUILT_PRODUCTS_DIR)/SuperSpaceMan3D.app/SuperSpaceMan3D";
			};
			name = Release;
		};
		3F57654D254A53E50047B9E9 /* Debug */ = {
			isa = XCBuildConfiguration;
			buildSettings = {
				ALWAYS_EMBED_SWIFT_STANDARD_LIBRARIES = YES;
				CODE_SIGN_STYLE = Automatic;
				DEVELOPMENT_TEAM = 6VH946FT2M;
				INFOPLIST_FILE = SuperSpaceMan3DUITests/Info.plist;
				LD_RUNPATH_SEARCH_PATHS = (
					"$(inherited)",
					"@executable_path/Frameworks",
					"@loader_path/Frameworks",
				);
				PRODUCT_BUNDLE_IDENTIFIER = com.henrycalderon.SuperSpaceMan3DUITests;
				PRODUCT_NAME = "$(TARGET_NAME)";
				SWIFT_VERSION = 5.0;
				TARGETED_DEVICE_FAMILY = "1,2";
				TEST_TARGET_NAME = SuperSpaceMan3D;
			};
			name = Debug;
		};
		3F57654E254A53E50047B9E9 /* Release */ = {
			isa = XCBuildConfiguration;
			buildSettings = {
				ALWAYS_EMBED_SWIFT_STANDARD_LIBRARIES = YES;
				CODE_SIGN_STYLE = Automatic;
				DEVELOPMENT_TEAM = 6VH946FT2M;
				INFOPLIST_FILE = SuperSpaceMan3DUITests/Info.plist;
				LD_RUNPATH_SEARCH_PATHS = (
					"$(inherited)",
					"@executable_path/Frameworks",
					"@loader_path/Frameworks",
				);
				PRODUCT_BUNDLE_IDENTIFIER = com.henrycalderon.SuperSpaceMan3DUITests;
				PRODUCT_NAME = "$(TARGET_NAME)";
				SWIFT_VERSION = 5.0;
				TARGETED_DEVICE_FAMILY = "1,2";
				TEST_TARGET_NAME = SuperSpaceMan3D;
			};
			name = Release;
		};
/* End XCBuildConfiguration section */

/* Begin XCConfigurationList section */
		3F57651A254A53E20047B9E9 /* Build configuration list for PBXProject "SuperSpaceMan3D" */ = {
			isa = XCConfigurationList;
			buildConfigurations = (
				3F576544254A53E50047B9E9 /* Debug */,
				3F576545254A53E50047B9E9 /* Release */,
			);
			defaultConfigurationIsVisible = 0;
			defaultConfigurationName = Release;
		};
		3F576546254A53E50047B9E9 /* Build configuration list for PBXNativeTarget "SuperSpaceMan3D" */ = {
			isa = XCConfigurationList;
			buildConfigurations = (
				3F576547254A53E50047B9E9 /* Debug */,
				3F576548254A53E50047B9E9 /* Release */,
			);
			defaultConfigurationIsVisible = 0;
			defaultConfigurationName = Release;
		};
		3F576549254A53E50047B9E9 /* Build configuration list for PBXNativeTarget "SuperSpaceMan3DTests" */ = {
			isa = XCConfigurationList;
			buildConfigurations = (
				3F57654A254A53E50047B9E9 /* Debug */,
				3F57654B254A53E50047B9E9 /* Release */,
			);
			defaultConfigurationIsVisible = 0;
			defaultConfigurationName = Release;
		};
		3F57654C254A53E50047B9E9 /* Build configuration list for PBXNativeTarget "SuperSpaceMan3DUITests" */ = {
			isa = XCConfigurationList;
			buildConfigurations = (
				3F57654D254A53E50047B9E9 /* Debug */,
				3F57654E254A53E50047B9E9 /* Release */,
			);
			defaultConfigurationIsVisible = 0;
			defaultConfigurationName = Release;
		};
/* End XCConfigurationList section */
	};
	rootObject = 3F576517254A53E20047B9E9 /* Project object */;
}
